
Microsoft Visual Studio Solution File, Format Version 12.00
# Visual Studio 14
VisualStudioVersion = 14.0.25420.1
MinimumVisualStudioVersion = 10.0.40219.1
Project("{FAE04EC0-301F-11D3-BF4B-00C04F79EFBC}") = "TShockIRC", "TShockIRC\TShockIRC.csproj", "{A1F17727-6A6C-4FE5-9619-19362A9FF38B}"
EndProject
Project("{FAE04EC0-301F-11D3-BF4B-00C04F79EFBC}") = "IrcDotNet", "IrcDotNet\IrcDotNet.csproj", "{47D551DA-96ED-4EF6-96BF-4832059D4700}"
EndProject
Global
	GlobalSection(SolutionConfigurationPlatforms) = preSolution
		Debug|Any CPU = Debug|Any CPU
		Debug|x86 = Debug|x86
		Release|Any CPU = Release|Any CPU
		Release|x86 = Release|x86
	EndGlobalSection
	GlobalSection(ProjectConfigurationPlatforms) = postSolution
		{A1F17727-6A6C-4FE5-9619-19362A9FF38B}.Debug|Any CPU.ActiveCfg = Debug|Any CPU
		{A1F17727-6A6C-4FE5-9619-19362A9FF38B}.Debug|Any CPU.Build.0 = Debug|Any CPU
		{A1F17727-6A6C-4FE5-9619-19362A9FF38B}.Debug|x86.ActiveCfg = Debug|x86
		{A1F17727-6A6C-4FE5-9619-19362A9FF38B}.Debug|x86.Build.0 = Debug|x86
		{A1F17727-6A6C-4FE5-9619-19362A9FF38B}.Release|Any CPU.ActiveCfg = Release|Any CPU
		{A1F17727-6A6C-4FE5-9619-19362A9FF38B}.Release|Any CPU.Build.0 = Release|Any CPU
		{A1F17727-6A6C-4FE5-9619-19362A9FF38B}.Release|x86.ActiveCfg = Release|x86
		{A1F17727-6A6C-4FE5-9619-19362A9FF38B}.Release|x86.Build.0 = Release|x86
		{47D551DA-96ED-4EF6-96BF-4832059D4700}.Debug|Any CPU.ActiveCfg = Debug|Any CPU
		{47D551DA-96ED-4EF6-96BF-4832059D4700}.Debug|Any CPU.Build.0 = Debug|Any CPU
		{47D551DA-96ED-4EF6-96BF-4832059D4700}.Debug|x86.ActiveCfg = Debug|Any CPU
		{47D551DA-96ED-4EF6-96BF-4832059D4700}.Debug|x86.Build.0 = Debug|Any CPU
		{47D551DA-96ED-4EF6-96BF-4832059D4700}.Release|Any CPU.ActiveCfg = Release|Any CPU
		{47D551DA-96ED-4EF6-96BF-4832059D4700}.Release|Any CPU.Build.0 = Release|Any CPU
		{47D551DA-96ED-4EF6-96BF-4832059D4700}.Release|x86.ActiveCfg = Release|Any CPU
		{47D551DA-96ED-4EF6-96BF-4832059D4700}.Release|x86.Build.0 = Release|Any CPU
	EndGlobalSection
	GlobalSection(SolutionProperties) = preSolution
		HideSolutionNode = FALSE
	EndGlobalSection
EndGlobal
